
Microsoft Visual Studio Solution File, Format Version 11.00
# Visual Studio 2010
Project("{4925A630-B079-445d-BCD4-3A9C94FE9307}") = "fsharpAnimalQuizKata", "fsharpAnimalQuizKata\fsharpAnimalQuizKata.fsproj", "{20DB1913-4DE1-4C7B-A4CB-2B73C2351CF5}"
EndProject
Global
	GlobalSection(SolutionConfigurationPlatforms) = preSolution
		Debug|Any CPU = Debug|Any CPU
		Release|Any CPU = Release|Any CPU
	EndGlobalSection
	GlobalSection(ProjectConfigurationPlatforms) = postSolution
		{20DB1913-4DE1-4C7B-A4CB-2B73C2351CF5}.Debug|Any CPU.ActiveCfg = Debug|Any CPU
		{20DB1913-4DE1-4C7B-A4CB-2B73C2351CF5}.Debug|Any CPU.Build.0 = Debug|Any CPU
		{20DB1913-4DE1-4C7B-A4CB-2B73C2351CF5}.Release|Any CPU.ActiveCfg = Release|Any CPU
		{20DB1913-4DE1-4C7B-A4CB-2B73C2351CF5}.Release|Any CPU.Build.0 = Release|Any CPU
	EndGlobalSection
	GlobalSection(MonoDevelopProperties) = preSolution
		StartupItem = fsharpAnimalQuizKata\fsharpAnimalQuizKata.fsproj
	EndGlobalSection
EndGlobal
